// !$*UTF8*$!
{
	archiveVersion = 1;
	classes = {
	};
	objectVersion = 77;
	objects = {

/* Begin PBXBuildFile section */
		0DE0B11D0000000000000002 /* Bible_KRV.sqlite in Resources */ = {isa = PBXBuildFile; fileRef = 0DE0F11E0000000000000002 /* Bible_KRV.sqlite */; settings = {ASSET_TAGS = (Bible_KRV_2, ); }; };
		0DE0B11D0000000000000003 /* Bible_NIV.sqlite in Resources */ = {isa = PBXBuildFile; fileRef = 0DE0F11E0000000000000003 /* Bible_NIV.sqlite */; settings = {ASSET_TAGS = (Bible_NIV_2, ); }; };
		0DE0B11D0000000000000004 /* Bible_NKRV.sqlite in Resources */ = {isa = PBXBuildFile; fileRef = 0DE0F11E0000000000000004 /* Bible_NKRV.sqlite */; settings = {ASSET_TAGS = (Bible_NKRV_2, ); }; };
		0DE0B11D0000000000000005 /* Bible_WEB.sqlite in Resources */ = {isa = PBXBuildFile; fileRef = 0DE0F11E0000000000000005 /* Bible_WEB.sqlite */; settings = {ASSET_TAGS = (Bible_WEB_2, ); }; };
		0DE0B11D0000000000000006 /* Bible_WEBBE.sqlite in Resources */ = {isa = PBXBuildFile; fileRef = 0DE0F11E0000000000000006 /* Bible_WEBBE.sqlite */; settings = {ASSET_TAGS = (Bible_WEBBE_2, ); }; };
		5BA0A0A0000000000000B3 /* Supabase in Frameworks */ = {isa = PBXBuildFile; productRef = 5BA0A0A0000000000000B2 /* Supabase */; };
		AA11BB22CC33DD44EE55FF01 /* UserDataDatabaseServiceTests.swift in Sources */ = {isa = PBXBuildFile; fileRef = AA11BB22CC33DD44EE55FF02 /* UserDataDatabaseServiceTests.swift */; };
		AA11BB22CC33DD44EE55FF03 /* DefaultBookmarkRepositoryTests.swift in Sources */ = {isa = PBXBuildFile; fileRef = AA11BB22CC33DD44EE55FF04 /* DefaultBookmarkRepositoryTests.swift */; };
		AA11BB22CC33DD44EE55FF05 /* DefaultReadingMarkRepositoryTests.swift in Sources */ = {isa = PBXBuildFile; fileRef = AA11BB22CC33DD44EE55FF06 /* DefaultReadingMarkRepositoryTests.swift */; };
		AA11BB22CC33DD44EE55FF07 /* ReadingChecklistLogicTests.swift in Sources */ = {isa = PBXBuildFile; fileRef = AA11BB22CC33DD44EE55FF08 /* ReadingChecklistLogicTests.swift */; };
		AA11BB22CC33DD44EE55FF09 /* BibleVersionPurchaseTests.swift in Sources */ = {isa = PBXBuildFile; fileRef = AA11BB22CC33DD44EE55FF0A /* BibleVersionPurchaseTests.swift */; };
		AA11BB22CC33DD44EE55FF0B /* RecordingRenameTests.swift in Sources */ = {isa = PBXBuildFile; fileRef = AA11BB22CC33DD44EE55FF0C /* RecordingRenameTests.swift */; };
		AA11BB22CC33DD44EE55FF0D /* RecordingPlaybackLogicTests.swift in Sources */ = {isa = PBXBuildFile; fileRef = AA11BB22CC33DD44EE55FF0E /* RecordingPlaybackLogicTests.swift */; };
		AA11BB22CC33DD44EE55FF11 /* BibleBookReferenceTests.swift in Sources */ = {isa = PBXBuildFile; fileRef = AA11BB22CC33DD44EE55FF10 /* BibleBookReferenceTests.swift */; };
		AA11BB22CC33DD44EE55FF21 /* MockRemoteSyncDataSource.swift in Sources */ = {isa = PBXBuildFile; fileRef = AA11BB22CC33DD44EE55FF20 /* MockRemoteSyncDataSource.swift */; };
		AA11BB22CC33DD44EE55FF23 /* SyncEngineTests.swift in Sources */ = {isa = PBXBuildFile; fileRef = AA11BB22CC33DD44EE55FF22 /* SyncEngineTests.swift */; };
		B3AE62EFE9207D64D6806711 /* SpyNowPlayingInfoCenter.swift in Sources */ = {isa = PBXBuildFile; fileRef = E7326020A55C6C513EC12624 /* SpyNowPlayingInfoCenter.swift */; };
		DC4A9213679E53FEE00B337F /* Foundation.framework in Frameworks */ = {isa = PBXBuildFile; fileRef = F3AB6D737DA3C1366E4C3116 /* Foundation.framework */; };
		DFA4A2FEEB7BE5EF8EEA11AF /* TTSPlaybackManagerNowPlayingSyncTests.swift in Sources */ = {isa = PBXBuildFile; fileRef = 058758744D6211DFDDEC1757 /* TTSPlaybackManagerNowPlayingSyncTests.swift */; };
		ED3B587A2F05265000F17293 /* WidgetKit.framework in Frameworks */ = {isa = PBXBuildFile; fileRef = ED3B58792F05264F00F17293 /* WidgetKit.framework */; };
		ED3B587C2F05265000F17293 /* SwiftUI.framework in Frameworks */ = {isa = PBXBuildFile; fileRef = ED3B587B2F05265000F17293 /* SwiftUI.framework */; };
		ED3B58892F05265000F17293 /* HagaBibleWidgetExtension.appex in Embed Foundation Extensions */ = {isa = PBXBuildFile; fileRef = ED3B58772F05264F00F17293 /* HagaBibleWidgetExtension.appex */; settings = {ATTRIBUTES = (RemoveHeadersOnCopy, ); }; };
		EDADAA8D2E1F365000CFCBE0 /* GRDB in Frameworks */ = {isa = PBXBuildFile; productRef = EDADAA8C2E1F365000CFCBE0 /* GRDB */; };
/* End PBXBuildFile section */

/* Begin PBXContainerItemProxy section */
		B4C540766E8160FCC68B9351 /* PBXContainerItemProxy */ = {
			isa = PBXContainerItemProxy;
			containerPortal = ED6A82022E15339A003E0D6E /* Project object */;
			proxyType = 1;
			remoteGlobalIDString = ED6A82092E15339A003E0D6E;
			remoteInfo = HagaBible;
		};
		ED3B58872F05265000F17293 /* PBXContainerItemProxy */ = {
			isa = PBXContainerItemProxy;
			containerPortal = ED6A82022E15339A003E0D6E /* Project object */;
			proxyType = 1;
			remoteGlobalIDString = ED3B58762F05264F00F17293;
			remoteInfo = HagaBibleWidgetExtension;
		};
/* End PBXContainerItemProxy section */

/* Begin PBXCopyFilesBuildPhase section */
		ED3B588E2F05265000F17293 /* Embed Foundation Extensions */ = {
			isa = PBXCopyFilesBuildPhase;
			buildActionMask = 2147483647;
			dstPath = "";
			dstSubfolderSpec = 13;
			files = (
				ED3B58892F05265000F17293 /* HagaBibleWidgetExtension.appex in Embed Foundation Extensions */,
			);
			name = "Embed Foundation Extensions";
			runOnlyForDeploymentPostprocessing = 0;
		};
/* End PBXCopyFilesBuildPhase section */

/* Begin PBXFileReference section */
		058758744D6211DFDDEC1757 /* TTSPlaybackManagerNowPlayingSyncTests.swift */ = {isa = PBXFileReference; includeInIndex = 1; lastKnownFileType = sourcecode.swift; path = TTSPlaybackManagerNowPlayingSyncTests.swift; sourceTree = "<group>"; };
		0DE0F11E0000000000000001 /* Bible_KJV.sqlite */ = {isa = PBXFileReference; lastKnownFileType = file; name = Bible_KJV.sqlite; path = HagaBible/Data/Local/GRDB/SQLite/Bible_KJV.sqlite; sourceTree = SOURCE_ROOT; };
		0DE0F11E0000000000000002 /* Bible_KRV.sqlite */ = {isa = PBXFileReference; lastKnownFileType = file; name = Bible_KRV.sqlite; path = HagaBible/Data/Local/GRDB/SQLite/Bible_KRV.sqlite; sourceTree = SOURCE_ROOT; };
		0DE0F11E0000000000000003 /* Bible_NIV.sqlite */ = {isa = PBXFileReference; lastKnownFileType = file; name = Bible_NIV.sqlite; path = HagaBible/Data/Local/GRDB/SQLite/Bible_NIV.sqlite; sourceTree = SOURCE_ROOT; };
		0DE0F11E0000000000000004 /* Bible_NKRV.sqlite */ = {isa = PBXFileReference; lastKnownFileType = file; name = Bible_NKRV.sqlite; path = HagaBible/Data/Local/GRDB/SQLite/Bible_NKRV.sqlite; sourceTree = SOURCE_ROOT; };
		0DE0F11E0000000000000005 /* Bible_WEB.sqlite */ = {isa = PBXFileReference; lastKnownFileType = file; name = Bible_WEB.sqlite; path = HagaBible/Data/Local/GRDB/SQLite/Bible_WEB.sqlite; sourceTree = SOURCE_ROOT; };
		0DE0F11E0000000000000006 /* Bible_WEBBE.sqlite */ = {isa = PBXFileReference; lastKnownFileType = file; name = Bible_WEBBE.sqlite; path = HagaBible/Data/Local/GRDB/SQLite/Bible_WEBBE.sqlite; sourceTree = SOURCE_ROOT; };
		5BA0A0A0000000000000C1 /* Secrets.xcconfig */ = {isa = PBXFileReference; lastKnownFileType = text.xcconfig; path = Secrets.xcconfig; sourceTree = SOURCE_ROOT; };
		AA11BB22CC33DD44EE55FF02 /* UserDataDatabaseServiceTests.swift */ = {isa = PBXFileReference; includeInIndex = 1; lastKnownFileType = sourcecode.swift; path = UserDataDatabaseServiceTests.swift; sourceTree = "<group>"; };
		AA11BB22CC33DD44EE55FF04 /* DefaultBookmarkRepositoryTests.swift */ = {isa = PBXFileReference; includeInIndex = 1; lastKnownFileType = sourcecode.swift; path = DefaultBookmarkRepositoryTests.swift; sourceTree = "<group>"; };
		AA11BB22CC33DD44EE55FF06 /* DefaultReadingMarkRepositoryTests.swift */ = {isa = PBXFileReference; includeInIndex = 1; lastKnownFileType = sourcecode.swift; path = DefaultReadingMarkRepositoryTests.swift; sourceTree = "<group>"; };
		AA11BB22CC33DD44EE55FF08 /* ReadingChecklistLogicTests.swift */ = {isa = PBXFileReference; includeInIndex = 1; lastKnownFileType = sourcecode.swift; path = ReadingChecklistLogicTests.swift; sourceTree = "<group>"; };
		AA11BB22CC33DD44EE55FF0A /* BibleVersionPurchaseTests.swift */ = {isa = PBXFileReference; includeInIndex = 1; lastKnownFileType = sourcecode.swift; path = BibleVersionPurchaseTests.swift; sourceTree = "<group>"; };
		AA11BB22CC33DD44EE55FF0C /* RecordingRenameTests.swift */ = {isa = PBXFileReference; includeInIndex = 1; lastKnownFileType = sourcecode.swift; path = RecordingRenameTests.swift; sourceTree = "<group>"; };
		AA11BB22CC33DD44EE55FF0E /* RecordingPlaybackLogicTests.swift */ = {isa = PBXFileReference; includeInIndex = 1; lastKnownFileType = sourcecode.swift; path = RecordingPlaybackLogicTests.swift; sourceTree = "<group>"; };
		AA11BB22CC33DD44EE55FF10 /* BibleBookReferenceTests.swift */ = {isa = PBXFileReference; includeInIndex = 1; lastKnownFileType = sourcecode.swift; path = BibleBookReferenceTests.swift; sourceTree = "<group>"; };
		AA11BB22CC33DD44EE55FF20 /* MockRemoteSyncDataSource.swift */ = {isa = PBXFileReference; includeInIndex = 1; lastKnownFileType = sourcecode.swift; path = MockRemoteSyncDataSource.swift; sourceTree = "<group>"; };
		AA11BB22CC33DD44EE55FF22 /* SyncEngineTests.swift */ = {isa = PBXFileReference; includeInIndex = 1; lastKnownFileType = sourcecode.swift; path = SyncEngineTests.swift; sourceTree = "<group>"; };
		CA7DEC77CFE8EACA617CFE17 /* HagaBibleTests.xctest */ = {isa = PBXFileReference; explicitFileType = wrapper.cfbundle; includeInIndex = 0; path = HagaBibleTests.xctest; sourceTree = BUILT_PRODUCTS_DIR; };
		E7326020A55C6C513EC12624 /* SpyNowPlayingInfoCenter.swift */ = {isa = PBXFileReference; includeInIndex = 1; lastKnownFileType = sourcecode.swift; path = SpyNowPlayingInfoCenter.swift; sourceTree = "<group>"; };
		ED3B58772F05264F00F17293 /* HagaBibleWidgetExtension.appex */ = {isa = PBXFileReference; explicitFileType = "wrapper.app-extension"; includeInIndex = 0; path = HagaBibleWidgetExtension.appex; sourceTree = BUILT_PRODUCTS_DIR; };
		ED3B58792F05264F00F17293 /* WidgetKit.framework */ = {isa = PBXFileReference; lastKnownFileType = wrapper.framework; name = WidgetKit.framework; path = System/Library/Frameworks/WidgetKit.framework; sourceTree = SDKROOT; };
		ED3B587B2F05265000F17293 /* SwiftUI.framework */ = {isa = PBXFileReference; lastKnownFileType = wrapper.framework; name = SwiftUI.framework; path = System/Library/Frameworks/SwiftUI.framework; sourceTree = SDKROOT; };
		ED6A820A2E15339A003E0D6E /* HagaBible.app */ = {isa = PBXFileReference; explicitFileType = wrapper.application; includeInIndex = 0; path = HagaBible.app; sourceTree = BUILT_PRODUCTS_DIR; };
		EDC04F165704E10D00000001 /* Configuration.storekit */ = {isa = PBXFileReference; lastKnownFileType = text; path = Configuration.storekit; sourceTree = "<group>"; };
		F3AB6D737DA3C1366E4C3116 /* Foundation.framework */ = {isa = PBXFileReference; lastKnownFileType = wrapper.framework; name = Foundation.framework; path = Platforms/iPhoneOS.platform/Developer/SDKs/iPhoneOS18.0.sdk/System/Library/Frameworks/Foundation.framework; sourceTree = DEVELOPER_DIR; };
/* End PBXFileReference section */

/* Begin PBXFileSystemSynchronizedBuildFileExceptionSet section */
		ED3B588D2F05265000F17293 /* Exceptions for "HagaBibleWidget" folder in "HagaBibleWidgetExtension" target */ = {
			isa = PBXFileSystemSynchronizedBuildFileExceptionSet;
			membershipExceptions = (
				Info.plist,
			);
			target = ED3B58762F05264F00F17293 /* HagaBibleWidgetExtension */;
		};
		ED3B58902F054EEA00F17293 /* Exceptions for "HagaBibleWidget" folder in "HagaBible" target */ = {
			isa = PBXFileSystemSynchronizedBuildFileExceptionSet;
			membershipExceptions = (
				HagaBibleWidgetControl.swift,
			);
			target = ED6A82092E15339A003E0D6E /* HagaBible */;
		};
		ED6B04D42E1A6EFA008FDEE0 /* Exceptions for "HagaBible" folder in "HagaBible" target */ = {
			isa = PBXFileSystemSynchronizedBuildFileExceptionSet;
			membershipExceptions = (
				Data/Local/GRDB/SQLite/Bible_KJV.sqlite,
				Data/Local/GRDB/SQLite/Bible_KRV.sqlite,
				Data/Local/GRDB/SQLite/Bible_NIV.sqlite,
				Data/Local/GRDB/SQLite/Bible_NKRV.sqlite,
				Data/Local/GRDB/SQLite/Bible_WEB.sqlite,
				Data/Local/GRDB/SQLite/Bible_WEBBE.sqlite,
				Info.plist,
			);
			target = ED6A82092E15339A003E0D6E /* HagaBible */;
		};
/* End PBXFileSystemSynchronizedBuildFileExceptionSet section */

/* Begin PBXFileSystemSynchronizedRootGroup section */
		ED3B587D2F05265000F17293 /* HagaBibleWidget */ = {
			isa = PBXFileSystemSynchronizedRootGroup;
			exceptions = (
				ED3B58902F054EEA00F17293 /* Exceptions for "HagaBibleWidget" folder in "HagaBible" target */,
				ED3B588D2F05265000F17293 /* Exceptions for "HagaBibleWidget" folder in "HagaBibleWidgetExtension" target */,
			);
			path = HagaBibleWidget;
			sourceTree = "<group>";
		};
		ED6A820C2E15339A003E0D6E /* HagaBible */ = {
			isa = PBXFileSystemSynchronizedRootGroup;
			exceptions = (
				ED6B04D42E1A6EFA008FDEE0 /* Exceptions for "HagaBible" folder in "HagaBible" target */,
			);
			path = HagaBible;
			sourceTree = "<group>";
		};
/* End PBXFileSystemSynchronizedRootGroup section */

/* Begin PBXFrameworksBuildPhase section */
		70AA2982A17B60C07493DCCB /* Frameworks */ = {
			isa = PBXFrameworksBuildPhase;
			buildActionMask = 2147483647;
			files = (
				DC4A9213679E53FEE00B337F /* Foundation.framework in Frameworks */,
			);
			runOnlyForDeploymentPostprocessing = 0;
		};
		ED3B58742F05264F00F17293 /* Frameworks */ = {
			isa = PBXFrameworksBuildPhase;
			buildActionMask = 2147483647;
			files = (
				ED3B587C2F05265000F17293 /* SwiftUI.framework in Frameworks */,
				ED3B587A2F05265000F17293 /* WidgetKit.framework in Frameworks */,
			);
			runOnlyForDeploymentPostprocessing = 0;
		};
		ED6A82072E15339A003E0D6E /* Frameworks */ = {
			isa = PBXFrameworksBuildPhase;
			buildActionMask = 2147483647;
			files = (
				EDADAA8D2E1F365000CFCBE0 /* GRDB in Frameworks */,
				5BA0A0A0000000000000B3 /* Supabase in Frameworks */,
			);
			runOnlyForDeploymentPostprocessing = 0;
		};
/* End PBXFrameworksBuildPhase section */

/* Begin PBXGroup section */
		0DE0610000000000000000A1 /* ODR Bibles */ = {
			isa = PBXGroup;
			children = (
				0DE0F11E0000000000000001 /* Bible_KJV.sqlite */,
				0DE0F11E0000000000000002 /* Bible_KRV.sqlite */,
				0DE0F11E0000000000000003 /* Bible_NIV.sqlite */,
				0DE0F11E0000000000000004 /* Bible_NKRV.sqlite */,
				0DE0F11E0000000000000005 /* Bible_WEB.sqlite */,
				0DE0F11E0000000000000006 /* Bible_WEBBE.sqlite */,
			);
			name = "ODR Bibles";
			sourceTree = "<group>";
		};
		7ADA05789BB77868C1A1FF88 /* HagaBibleTests */ = {
			isa = PBXGroup;
			children = (
				058758744D6211DFDDEC1757 /* TTSPlaybackManagerNowPlayingSyncTests.swift */,
				AA11BB22CC33DD44EE55FF02 /* UserDataDatabaseServiceTests.swift */,
				AA11BB22CC33DD44EE55FF04 /* DefaultBookmarkRepositoryTests.swift */,
				AA11BB22CC33DD44EE55FF06 /* DefaultReadingMarkRepositoryTests.swift */,
				AA11BB22CC33DD44EE55FF08 /* ReadingChecklistLogicTests.swift */,
				AA11BB22CC33DD44EE55FF10 /* BibleBookReferenceTests.swift */,
				AA11BB22CC33DD44EE55FF0A /* BibleVersionPurchaseTests.swift */,
				AA11BB22CC33DD44EE55FF0C /* RecordingRenameTests.swift */,
				AA11BB22CC33DD44EE55FF0E /* RecordingPlaybackLogicTests.swift */,
				AA11BB22CC33DD44EE55FF22 /* SyncEngineTests.swift */,
				F0D576F6426DF59DB3F00995 /* TestDoubles */,
			);
			path = HagaBibleTests;
			sourceTree = "<group>";
		};
		A84048D6694AFB113084B3FD /* iOS */ = {
			isa = PBXGroup;
			children = (
				F3AB6D737DA3C1366E4C3116 /* Foundation.framework */,
			);
			name = iOS;
			sourceTree = "<group>";
		};
		ED3B58782F05264F00F17293 /* Frameworks */ = {
			isa = PBXGroup;
			children = (
				ED3B58792F05264F00F17293 /* WidgetKit.framework */,
				ED3B587B2F05265000F17293 /* SwiftUI.framework */,
				A84048D6694AFB113084B3FD /* iOS */,
			);
			name = Frameworks;
			sourceTree = "<group>";
		};
		ED6A82012E15339A003E0D6E = {
			isa = PBXGroup;
			children = (
				ED6A820C2E15339A003E0D6E /* HagaBible */,
				ED3B587D2F05265000F17293 /* HagaBibleWidget */,
				0DE0610000000000000000A1 /* ODR Bibles */,
				ED3B58782F05264F00F17293 /* Frameworks */,
				ED6A820B2E15339A003E0D6E /* Products */,
				7ADA05789BB77868C1A1FF88 /* HagaBibleTests */,
				EDC04F165704E10D00000001 /* Configuration.storekit */,
				EDCF54CF2FECF69500B6AD67 /* Recovered References */,
			);
			sourceTree = "<group>";
		};
		ED6A820B2E15339A003E0D6E /* Products */ = {
			isa = PBXGroup;
			children = (
				ED6A820A2E15339A003E0D6E /* HagaBible.app */,
				ED3B58772F05264F00F17293 /* HagaBibleWidgetExtension.appex */,
				CA7DEC77CFE8EACA617CFE17 /* HagaBibleTests.xctest */,
			);
			name = Products;
			sourceTree = "<group>";
		};
		EDCF54CF2FECF69500B6AD67 /* Recovered References */ = {
			isa = PBXGroup;
			children = (
				5BA0A0A0000000000000C1 /* Secrets.xcconfig */,
			);
			name = "Recovered References";
			sourceTree = "<group>";
		};
		F0D576F6426DF59DB3F00995 /* TestDoubles */ = {
			isa = PBXGroup;
			children = (
				E7326020A55C6C513EC12624 /* SpyNowPlayingInfoCenter.swift */,
				AA11BB22CC33DD44EE55FF20 /* MockRemoteSyncDataSource.swift */,
			);
			path = TestDoubles;
			sourceTree = "<group>";
		};
/* End PBXGroup section */

/* Begin PBXNativeTarget section */
		E98319F16D86F5DB6F6D374C /* HagaBibleTests */ = {
			isa = PBXNativeTarget;
			buildConfigurationList = 969B06C1E16758693167A59A /* Build configuration list for PBXNativeTarget "HagaBibleTests" */;
			buildPhases = (
				82DB451C276F2F8B2827F80E /* Sources */,
				70AA2982A17B60C07493DCCB /* Frameworks */,
				4A5CF211E5EB22DBA9E78D85 /* Resources */,
			);
			buildRules = (
			);
			dependencies = (
				98E20A115CF765191EEB971C /* PBXTargetDependency */,
			);
			name = HagaBibleTests;
			productName = HagaBibleTests;
			productReference = CA7DEC77CFE8EACA617CFE17 /* HagaBibleTests.xctest */;
			productType = "com.apple.product-type.bundle.unit-test";
		};
		ED3B58762F05264F00F17293 /* HagaBibleWidgetExtension */ = {
			isa = PBXNativeTarget;
			buildConfigurationList = ED3B588A2F05265000F17293 /* Build configuration list for PBXNativeTarget "HagaBibleWidgetExtension" */;
			buildPhases = (
				ED3B58732F05264F00F17293 /* Sources */,
				ED3B58742F05264F00F17293 /* Frameworks */,
				ED3B58752F05264F00F17293 /* Resources */,
			);
			buildRules = (
			);
			dependencies = (
			);
			fileSystemSynchronizedGroups = (
				ED3B587D2F05265000F17293 /* HagaBibleWidget */,
			);
			name = HagaBibleWidgetExtension;
			productName = HagaBibleWidgetExtension;
			productReference = ED3B58772F05264F00F17293 /* HagaBibleWidgetExtension.appex */;
			productType = "com.apple.product-type.app-extension";
		};
		ED6A82092E15339A003E0D6E /* HagaBible */ = {
			isa = PBXNativeTarget;
			buildConfigurationList = ED6A82152E15339A003E0D6E /* Build configuration list for PBXNativeTarget "HagaBible" */;
			buildPhases = (
				ED6A82062E15339A003E0D6E /* Sources */,
				ED6A82072E15339A003E0D6E /* Frameworks */,
				ED6A82082E15339A003E0D6E /* Resources */,
				ED3B588E2F05265000F17293 /* Embed Foundation Extensions */,
			);
			buildRules = (
			);
			dependencies = (
				ED3B58882F05265000F17293 /* PBXTargetDependency */,
			);
			fileSystemSynchronizedGroups = (
				ED6A820C2E15339A003E0D6E /* HagaBible */,
			);
			name = HagaBible;
			packageProductDependencies = (
				EDADAA8C2E1F365000CFCBE0 /* GRDB */,
				5BA0A0A0000000000000B2 /* Supabase */,
			);
			productName = HagaBible;
			productReference = ED6A820A2E15339A003E0D6E /* HagaBible.app */;
			productType = "com.apple.product-type.application";
		};
/* End PBXNativeTarget section */

/* Begin PBXProject section */
		ED6A82022E15339A003E0D6E /* Project object */ = {
			isa = PBXProject;
			attributes = {
				BuildIndependentTargetsInParallel = 1;
				KnownAssetTags = (
					Bible_KJV,
					Bible_KJV_2,
					Bible_KRV,
					Bible_KRV_2,
					Bible_NIV,
					Bible_NIV_2,
					Bible_NKRV,
					Bible_NKRV_2,
					Bible_WEB,
					Bible_WEBBE,
					Bible_WEBBE_2,
					Bible_WEB_2,
				);
				LastSwiftUpdateCheck = 2600;
				LastUpgradeCheck = 2650;
				TargetAttributes = {
					ED3B58762F05264F00F17293 = {
						CreatedOnToolsVersion = 26.0;
					};
					ED6A82092E15339A003E0D6E = {
						CreatedOnToolsVersion = 26.0;
					};
				};
			};
			buildConfigurationList = ED6A82052E15339A003E0D6E /* Build configuration list for PBXProject "HagaBible" */;
			developmentRegion = en;
			hasScannedForEncodings = 0;
			knownRegions = (
				en,
				ko,
				Base,
			);
			mainGroup = ED6A82012E15339A003E0D6E;
			minimizedProjectReferenceProxies = 1;
			packageReferences = (
				EDADAA8B2E1F365000CFCBE0 /* XCRemoteSwiftPackageReference "GRDB.swift" */,
				5BA0A0A0000000000000B1 /* XCRemoteSwiftPackageReference "supabase-swift" */,
			);
			preferredProjectObjectVersion = 77;
			productRefGroup = ED6A820B2E15339A003E0D6E /* Products */;
			projectDirPath = "";
			projectRoot = "";
			targets = (
				ED6A82092E15339A003E0D6E /* HagaBible */,
				ED3B58762F05264F00F17293 /* HagaBibleWidgetExtension */,
				E98319F16D86F5DB6F6D374C /* HagaBibleTests */,
			);
		};
/* End PBXProject section */

/* Begin PBXResourcesBuildPhase section */
		4A5CF211E5EB22DBA9E78D85 /* Resources */ = {
			isa = PBXResourcesBuildPhase;
			buildActionMask = 2147483647;
			files = (
			);
			runOnlyForDeploymentPostprocessing = 0;
		};
		ED3B58752F05264F00F17293 /* Resources */ = {
			isa = PBXResourcesBuildPhase;
			buildActionMask = 2147483647;
			files = (
			);
			runOnlyForDeploymentPostprocessing = 0;
		};
		ED6A82082E15339A003E0D6E /* Resources */ = {
			isa = PBXResourcesBuildPhase;
			buildActionMask = 2147483647;
			files = (
				0DE0B11D0000000000000002 /* Bible_KRV.sqlite in Resources */,
				0DE0B11D0000000000000003 /* Bible_NIV.sqlite in Resources */,
				0DE0B11D0000000000000004 /* Bible_NKRV.sqlite in Resources */,
				0DE0B11D0000000000000005 /* Bible_WEB.sqlite in Resources */,
				0DE0B11D0000000000000006 /* Bible_WEBBE.sqlite in Resources */,
			);
			runOnlyForDeploymentPostprocessing = 0;
		};
/* End PBXResourcesBuildPhase section */

/* Begin PBXSourcesBuildPhase section */
		82DB451C276F2F8B2827F80E /* Sources */ = {
			isa = PBXSourcesBuildPhase;
			buildActionMask = 2147483647;
			files = (
				DFA4A2FEEB7BE5EF8EEA11AF /* TTSPlaybackManagerNowPlayingSyncTests.swift in Sources */,
				B3AE62EFE9207D64D6806711 /* SpyNowPlayingInfoCenter.swift in Sources */,
				AA11BB22CC33DD44EE55FF01 /* UserDataDatabaseServiceTests.swift in Sources */,
				AA11BB22CC33DD44EE55FF03 /* DefaultBookmarkRepositoryTests.swift in Sources */,
				AA11BB22CC33DD44EE55FF05 /* DefaultReadingMarkRepositoryTests.swift in Sources */,
				AA11BB22CC33DD44EE55FF07 /* ReadingChecklistLogicTests.swift in Sources */,
				AA11BB22CC33DD44EE55FF11 /* BibleBookReferenceTests.swift in Sources */,
				AA11BB22CC33DD44EE55FF09 /* BibleVersionPurchaseTests.swift in Sources */,
				AA11BB22CC33DD44EE55FF0B /* RecordingRenameTests.swift in Sources */,
				AA11BB22CC33DD44EE55FF0D /* RecordingPlaybackLogicTests.swift in Sources */,
				AA11BB22CC33DD44EE55FF21 /* MockRemoteSyncDataSource.swift in Sources */,
				AA11BB22CC33DD44EE55FF23 /* SyncEngineTests.swift in Sources */,
			);
			runOnlyForDeploymentPostprocessing = 0;
		};
		ED3B58732F05264F00F17293 /* Sources */ = {
			isa = PBXSourcesBuildPhase;
			buildActionMask = 2147483647;
			files = (
			);
			runOnlyForDeploymentPostprocessing = 0;
		};
		ED6A82062E15339A003E0D6E /* Sources */ = {
			isa = PBXSourcesBuildPhase;
			buildActionMask = 2147483647;
			files = (
			);
			runOnlyForDeploymentPostprocessing = 0;
		};
/* End PBXSourcesBuildPhase section */

/* Begin PBXTargetDependency section */
		98E20A115CF765191EEB971C /* PBXTargetDependency */ = {
			isa = PBXTargetDependency;
			name = HagaBible;
			target = ED6A82092E15339A003E0D6E /* HagaBible */;
			targetProxy = B4C540766E8160FCC68B9351 /* PBXContainerItemProxy */;
		};
		ED3B58882F05265000F17293 /* PBXTargetDependency */ = {
			isa = PBXTargetDependency;
			target = ED3B58762F05264F00F17293 /* HagaBibleWidgetExtension */;
			targetProxy = ED3B58872F05265000F17293 /* PBXContainerItemProxy */;
		};
/* End PBXTargetDependency section */

/* Begin XCBuildConfiguration section */
		00B568517F3A872B1A09A9BC /* Debug */ = {
			isa = XCBuildConfiguration;
			buildSettings = {
				BUNDLE_LOADER = "$(TEST_HOST)";
				CLANG_ENABLE_OBJC_WEAK = NO;
				CODE_SIGN_IDENTITY = "Apple Development";
				"CODE_SIGN_IDENTITY[sdk=macosx*]" = "-";
				CODE_SIGN_STYLE = Automatic;
				ENABLE_ON_DEMAND_RESOURCES = NO;
				ENABLE_TESTABILITY = YES;
				FRAMEWORK_SEARCH_PATHS = (
					"$(inherited)",
					"$(BUILT_PRODUCTS_DIR)",
				);
				GENERATE_INFOPLIST_FILE = YES;
				INFOPLIST_FILE = "";
				IPHONEOS_DEPLOYMENT_TARGET = 26.0;
				OTHER_LDFLAGS = (
					"$(inherited)",
					"-framework",
					XCTest,
				);
				PRODUCT_BUNDLE_IDENTIFIER = com.hagabible.HagaBibleTests;
				PRODUCT_NAME = "$(TARGET_NAME)";
				SDKROOT = iphonesimulator;
				SKIP_INSTALL = YES;
				SUPPORTS_MACCATALYST = NO;
				SUPPORTS_MAC_DESIGNED_FOR_IPHONE_IPAD = NO;
				SWIFT_INCLUDE_PATHS = "$(SRCROOT)/HagaBible";
				SWIFT_VERSION = 5.0;
				TARGETED_DEVICE_FAMILY = "1,2";
				TEST_HOST = "$(BUILT_PRODUCTS_DIR)/HagaBible.app/$(BUNDLE_EXECUTABLE_FOLDER_PATH)/HagaBible";
			};
			name = Debug;
		};
		8C2AFD8A74E02D4F116AC7A6 /* Release */ = {
			isa = XCBuildConfiguration;
			buildSettings = {
				BUNDLE_LOADER = "$(TEST_HOST)";
				CLANG_ENABLE_OBJC_WEAK = NO;
				CODE_SIGN_IDENTITY = "Apple Development";
				"CODE_SIGN_IDENTITY[sdk=macosx*]" = "-";
				CODE_SIGN_STYLE = Automatic;
				ENABLE_ON_DEMAND_RESOURCES = NO;
				ENABLE_TESTABILITY = YES;
				FRAMEWORK_SEARCH_PATHS = (
					"$(inherited)",
					"$(BUILT_PRODUCTS_DIR)",
				);
				GENERATE_INFOPLIST_FILE = YES;
				INFOPLIST_FILE = "";
				IPHONEOS_DEPLOYMENT_TARGET = 26.0;
				OTHER_LDFLAGS = (
					"$(inherited)",
					"-framework",
					XCTest,
				);
				PRODUCT_BUNDLE_IDENTIFIER = com.hagabible.HagaBibleTests;
				PRODUCT_NAME = "$(TARGET_NAME)";
				SDKROOT = iphonesimulator;
				SKIP_INSTALL = YES;
				SUPPORTS_MACCATALYST = NO;
				SUPPORTS_MAC_DESIGNED_FOR_IPHONE_IPAD = NO;
				SWIFT_INCLUDE_PATHS = "$(SRCROOT)/HagaBible";
				SWIFT_VERSION = 5.0;
				TARGETED_DEVICE_FAMILY = "1,2";
				TEST_HOST = "$(BUILT_PRODUCTS_DIR)/HagaBible.app/$(BUNDLE_EXECUTABLE_FOLDER_PATH)/HagaBible";
				VALIDATE_PRODUCT = YES;
			};
			name = Release;
		};
		ED3B588B2F05265000F17293 /* Debug */ = {
			isa = XCBuildConfiguration;
			buildSettings = {
				ASSETCATALOG_COMPILER_GLOBAL_ACCENT_COLOR_NAME = AccentColor;
				ASSETCATALOG_COMPILER_WIDGET_BACKGROUND_COLOR_NAME = WidgetBackground;
				CODE_SIGN_STYLE = Automatic;
				CURRENT_PROJECT_VERSION = 1;
				DEVELOPMENT_TEAM = 9ZMW52M7L5;
				ENABLE_ON_DEMAND_RESOURCES = NO;
				GENERATE_INFOPLIST_FILE = YES;
				INFOPLIST_FILE = HagaBibleWidget/Info.plist;
				INFOPLIST_KEY_CFBundleDisplayName = HagaBibleWidget;
				INFOPLIST_KEY_NSHumanReadableCopyright = "";
				LD_RUNPATH_SEARCH_PATHS = (
					"$(inherited)",
					"@executable_path/Frameworks",
					"@executable_path/../../Frameworks",
				);
				MARKETING_VERSION = 1.3.0;
				PRODUCT_BUNDLE_IDENTIFIER = dev.sijun.HagaBible.HagaBibleWidget;
				PRODUCT_NAME = "$(TARGET_NAME)";
				SKIP_INSTALL = YES;
				STRING_CATALOG_GENERATE_SYMBOLS = YES;
				SWIFT_APPROACHABLE_CONCURRENCY = YES;
				SWIFT_EMIT_LOC_STRINGS = YES;
				SWIFT_UPCOMING_FEATURE_MEMBER_IMPORT_VISIBILITY = YES;
				SWIFT_VERSION = 5.0;
				TARGETED_DEVICE_FAMILY = "1,2";
			};
			name = Debug;
		};
		ED3B588C2F05265000F17293 /* Release */ = {
			isa = XCBuildConfiguration;
			buildSettings = {
				ASSETCATALOG_COMPILER_GLOBAL_ACCENT_COLOR_NAME = AccentColor;
				ASSETCATALOG_COMPILER_WIDGET_BACKGROUND_COLOR_NAME = WidgetBackground;
				CODE_SIGN_STYLE = Automatic;
				CURRENT_PROJECT_VERSION = 1;
				DEVELOPMENT_TEAM = 9ZMW52M7L5;
				ENABLE_ON_DEMAND_RESOURCES = NO;
				GENERATE_INFOPLIST_FILE = YES;
				INFOPLIST_FILE = HagaBibleWidget/Info.plist;
				INFOPLIST_KEY_CFBundleDisplayName = HagaBibleWidget;
				INFOPLIST_KEY_NSHumanReadableCopyright = "";
				LD_RUNPATH_SEARCH_PATHS = (
					"$(inherited)",
					"@executable_path/Frameworks",
					"@executable_path/../../Frameworks",
				);
				MARKETING_VERSION = 1.3.0;
				PRODUCT_BUNDLE_IDENTIFIER = dev.sijun.HagaBible.HagaBibleWidget;
				PRODUCT_NAME = "$(TARGET_NAME)";
				SKIP_INSTALL = YES;
				STRING_CATALOG_GENERATE_SYMBOLS = YES;
				SWIFT_APPROACHABLE_CONCURRENCY = YES;
				SWIFT_EMIT_LOC_STRINGS = YES;
				SWIFT_UPCOMING_FEATURE_MEMBER_IMPORT_VISIBILITY = YES;
				SWIFT_VERSION = 5.0;
				TARGETED_DEVICE_FAMILY = "1,2";
			};
			name = Release;
		};
		ED6A82132E15339A003E0D6E /* Debug */ = {
			isa = XCBuildConfiguration;
			buildSettings = {
				ALWAYS_SEARCH_USER_PATHS = NO;
				ASSETCATALOG_COMPILER_GENERATE_SWIFT_ASSET_SYMBOL_EXTENSIONS = YES;
				CLANG_ANALYZER_NONNULL = YES;
				CLANG_ANALYZER_NUMBER_OBJECT_CONVERSION = YES_AGGRESSIVE;
				CLANG_CXX_LANGUAGE_STANDARD = "gnu++20";
				CLANG_ENABLE_MODULES = YES;
				CLANG_ENABLE_OBJC_ARC = YES;
				CLANG_ENABLE_OBJC_WEAK = YES;
				CLANG_WARN_BLOCK_CAPTURE_AUTORELEASING = YES;
				CLANG_WARN_BOOL_CONVERSION = YES;
				CLANG_WARN_COMMA = YES;
				CLANG_WARN_CONSTANT_CONVERSION = YES;
				CLANG_WARN_DEPRECATED_OBJC_IMPLEMENTATIONS = YES;
				CLANG_WARN_DIRECT_OBJC_ISA_USAGE = YES_ERROR;
				CLANG_WARN_DOCUMENTATION_COMMENTS = YES;
				CLANG_WARN_EMPTY_BODY = YES;
				CLANG_WARN_ENUM_CONVERSION = YES;
				CLANG_WARN_INFINITE_RECURSION = YES;
				CLANG_WARN_INT_CONVERSION = YES;
				CLANG_WARN_NON_LITERAL_NULL_CONVERSION = YES;
				CLANG_WARN_OBJC_IMPLICIT_RETAIN_SELF = YES;
				CLANG_WARN_OBJC_LITERAL_CONVERSION = YES;
				CLANG_WARN_OBJC_ROOT_CLASS = YES_ERROR;
				CLANG_WARN_QUOTED_INCLUDE_IN_FRAMEWORK_HEADER = YES;
				CLANG_WARN_RANGE_LOOP_ANALYSIS = YES;
				CLANG_WARN_STRICT_PROTOTYPES = YES;
				CLANG_WARN_SUSPICIOUS_MOVE = YES;
				CLANG_WARN_UNGUARDED_AVAILABILITY = YES_AGGRESSIVE;
				CLANG_WARN_UNREACHABLE_CODE = YES;
				CLANG_WARN__DUPLICATE_METHOD_MATCH = YES;
				COPY_PHASE_STRIP = NO;
				DEBUG_INFORMATION_FORMAT = dwarf;
				DEVELOPMENT_TEAM = 9ZMW52M7L5;
				EMBED_ASSET_PACKS_IN_PRODUCT_BUNDLE = YES;
				ENABLE_ON_DEMAND_RESOURCES = YES;
				ENABLE_STRICT_OBJC_MSGSEND = YES;
				ENABLE_TESTABILITY = YES;
				ENABLE_USER_SCRIPT_SANDBOXING = YES;
				GCC_C_LANGUAGE_STANDARD = gnu17;
				GCC_DYNAMIC_NO_PIC = NO;
				GCC_NO_COMMON_BLOCKS = YES;
				GCC_OPTIMIZATION_LEVEL = 0;
				GCC_PREPROCESSOR_DEFINITIONS = (
					"DEBUG=1",
					"$(inherited)",
				);
				GCC_WARN_64_TO_32_BIT_CONVERSION = YES;
				GCC_WARN_ABOUT_RETURN_TYPE = YES_ERROR;
				GCC_WARN_UNDECLARED_SELECTOR = YES;
				GCC_WARN_UNINITIALIZED_AUTOS = YES_AGGRESSIVE;
				GCC_WARN_UNUSED_FUNCTION = YES;
				GCC_WARN_UNUSED_VARIABLE = YES;
				IPHONEOS_DEPLOYMENT_TARGET = 26.0;
				LOCALIZATION_PREFERS_STRING_CATALOGS = YES;
				MTL_ENABLE_DEBUG_INFO = INCLUDE_SOURCE;
				MTL_FAST_MATH = YES;
				ONLY_ACTIVE_ARCH = YES;
				SDKROOT = iphoneos;
				STRING_CATALOG_GENERATE_SYMBOLS = YES;
				SWIFT_ACTIVE_COMPILATION_CONDITIONS = "DEBUG $(inherited)";
				SWIFT_OPTIMIZATION_LEVEL = "-Onone";
			};
			name = Debug;
		};
		ED6A82142E15339A003E0D6E /* Release */ = {
			isa = XCBuildConfiguration;
			buildSettings = {
				ALWAYS_SEARCH_USER_PATHS = NO;
				ASSETCATALOG_COMPILER_GENERATE_SWIFT_ASSET_SYMBOL_EXTENSIONS = YES;
				CLANG_ANALYZER_NONNULL = YES;
				CLANG_ANALYZER_NUMBER_OBJECT_CONVERSION = YES_AGGRESSIVE;
				CLANG_CXX_LANGUAGE_STANDARD = "gnu++20";
				CLANG_ENABLE_MODULES = YES;
				CLANG_ENABLE_OBJC_ARC = YES;
				CLANG_ENABLE_OBJC_WEAK = YES;
				CLANG_WARN_BLOCK_CAPTURE_AUTORELEASING = YES;
				CLANG_WARN_BOOL_CONVERSION = YES;
				CLANG_WARN_COMMA = YES;
				CLANG_WARN_CONSTANT_CONVERSION = YES;
				CLANG_WARN_DEPRECATED_OBJC_IMPLEMENTATIONS = YES;
				CLANG_WARN_DIRECT_OBJC_ISA_USAGE = YES_ERROR;
				CLANG_WARN_DOCUMENTATION_COMMENTS = YES;
				CLANG_WARN_EMPTY_BODY = YES;
				CLANG_WARN_ENUM_CONVERSION = YES;
				CLANG_WARN_INFINITE_RECURSION = YES;
				CLANG_WARN_INT_CONVERSION = YES;
				CLANG_WARN_NON_LITERAL_NULL_CONVERSION = YES;
				CLANG_WARN_OBJC_IMPLICIT_RETAIN_SELF = YES;
				CLANG_WARN_OBJC_LITERAL_CONVERSION = YES;
				CLANG_WARN_OBJC_ROOT_CLASS = YES_ERROR;
				CLANG_WARN_QUOTED_INCLUDE_IN_FRAMEWORK_HEADER = YES;
				CLANG_WARN_RANGE_LOOP_ANALYSIS = YES;
				CLANG_WARN_STRICT_PROTOTYPES = YES;
				CLANG_WARN_SUSPICIOUS_MOVE = YES;
				CLANG_WARN_UNGUARDED_AVAILABILITY = YES_AGGRESSIVE;
				CLANG_WARN_UNREACHABLE_CODE = YES;
				CLANG_WARN__DUPLICATE_METHOD_MATCH = YES;
				COPY_PHASE_STRIP = NO;
				DEBUG_INFORMATION_FORMAT = "dwarf-with-dsym";
				DEVELOPMENT_TEAM = 9ZMW52M7L5;
				ENABLE_NS_ASSERTIONS = NO;
				ENABLE_ON_DEMAND_RESOURCES = YES;
				ENABLE_STRICT_OBJC_MSGSEND = YES;
				ENABLE_USER_SCRIPT_SANDBOXING = YES;
				GCC_C_LANGUAGE_STANDARD = gnu17;
				GCC_NO_COMMON_BLOCKS = YES;
				GCC_WARN_64_TO_32_BIT_CONVERSION = YES;
				GCC_WARN_ABOUT_RETURN_TYPE = YES_ERROR;
				GCC_WARN_UNDECLARED_SELECTOR = YES;
				GCC_WARN_UNINITIALIZED_AUTOS = YES_AGGRESSIVE;
				GCC_WARN_UNUSED_FUNCTION = YES;
				GCC_WARN_UNUSED_VARIABLE = YES;
				IPHONEOS_DEPLOYMENT_TARGET = 26.0;
				LOCALIZATION_PREFERS_STRING_CATALOGS = YES;
				MTL_ENABLE_DEBUG_INFO = NO;
				MTL_FAST_MATH = YES;
				SDKROOT = iphoneos;
				STRING_CATALOG_GENERATE_SYMBOLS = YES;
				SWIFT_COMPILATION_MODE = wholemodule;
				VALIDATE_PRODUCT = YES;
			};
			name = Release;
		};
		ED6A82162E15339A003E0D6E /* Debug */ = {
			isa = XCBuildConfiguration;
			baseConfigurationReference = 5BA0A0A0000000000000C1 /* Secrets.xcconfig */;
			buildSettings = {
				ASSETCATALOG_COMPILER_APPICON_NAME = HagaBibleAppIcon;
				ASSETCATALOG_COMPILER_GLOBAL_ACCENT_COLOR_NAME = AccentColor;
				CODE_SIGN_ENTITLEMENTS = HagaBible/HagaBible.entitlements;
				CODE_SIGN_STYLE = Automatic;
				CURRENT_PROJECT_VERSION = 1;
				DEVELOPMENT_TEAM = 9ZMW52M7L5;
				ENABLE_PREVIEWS = YES;
				ENABLE_TESTABILITY = YES;
				GENERATE_INFOPLIST_FILE = YES;
				INFOPLIST_FILE = HagaBible/Info.plist;
				INFOPLIST_KEY_CFBundleDisplayName = "Haga Bible";
				INFOPLIST_KEY_ITSAppUsesNonExemptEncryption = NO;
				INFOPLIST_KEY_LSApplicationCategoryType = "public.app-category.lifestyle";
				INFOPLIST_KEY_NSMicrophoneUsageDescription = "Microphone access is required to record and save your voice.";
				INFOPLIST_KEY_UIApplicationSceneManifest_Generation = YES;
				INFOPLIST_KEY_UIApplicationSupportsIndirectInputEvents = YES;
				INFOPLIST_KEY_UILaunchScreen_Generation = YES;
				INFOPLIST_KEY_UISupportedInterfaceOrientations_iPad = "UIInterfaceOrientationPortrait UIInterfaceOrientationPortraitUpsideDown UIInterfaceOrientationLandscapeLeft UIInterfaceOrientationLandscapeRight";
				INFOPLIST_KEY_UISupportedInterfaceOrientations_iPhone = "UIInterfaceOrientationPortrait UIInterfaceOrientationLandscapeLeft UIInterfaceOrientationLandscapeRight";
				IPHONEOS_DEPLOYMENT_TARGET = 26.0;
				LD_RUNPATH_SEARCH_PATHS = (
					"$(inherited)",
					"@executable_path/Frameworks",
				);
				MARKETING_VERSION = 1.3.0;
				PRODUCT_BUNDLE_IDENTIFIER = dev.sijun.HagaBible;
				PRODUCT_NAME = "$(TARGET_NAME)";
				STRING_CATALOG_GENERATE_SYMBOLS = YES;
				SWIFT_DEFAULT_ACTOR_ISOLATION = MainActor;
				SWIFT_EMIT_LOC_STRINGS = YES;
				SWIFT_UPCOMING_FEATURE_MEMBER_IMPORT_VISIBILITY = YES;
				SWIFT_VERSION = 5.0;
				TARGETED_DEVICE_FAMILY = "1,2";
			};
			name = Debug;
		};
		ED6A82172E15339A003E0D6E /* Release */ = {
			isa = XCBuildConfiguration;
			baseConfigurationReference = 5BA0A0A0000000000000C1 /* Secrets.xcconfig */;
			buildSettings = {
				ASSETCATALOG_COMPILER_APPICON_NAME = HagaBibleAppIcon;
				ASSETCATALOG_COMPILER_GLOBAL_ACCENT_COLOR_NAME = AccentColor;
				CODE_SIGN_ENTITLEMENTS = HagaBible/HagaBible.entitlements;
				CODE_SIGN_STYLE = Automatic;
				CURRENT_PROJECT_VERSION = 1;
				DEVELOPMENT_TEAM = 9ZMW52M7L5;
				ENABLE_PREVIEWS = YES;
				ENABLE_TESTABILITY = YES;
				GENERATE_INFOPLIST_FILE = YES;
				INFOPLIST_FILE = HagaBible/Info.plist;
				INFOPLIST_KEY_CFBundleDisplayName = "Haga Bible";
				INFOPLIST_KEY_ITSAppUsesNonExemptEncryption = NO;
				INFOPLIST_KEY_LSApplicationCategoryType = "public.app-category.lifestyle";
				INFOPLIST_KEY_NSMicrophoneUsageDescription = "Microphone access is required to record and save your voice.";
				INFOPLIST_KEY_UIApplicationSceneManifest_Generation = YES;
				INFOPLIST_KEY_UIApplicationSupportsIndirectInputEvents = YES;
				INFOPLIST_KEY_UILaunchScreen_Generation = YES;
				INFOPLIST_KEY_UISupportedInterfaceOrientations_iPad = "UIInterfaceOrientationPortrait UIInterfaceOrientationPortraitUpsideDown UIInterfaceOrientationLandscapeLeft UIInterfaceOrientationLandscapeRight";
				INFOPLIST_KEY_UISupportedInterfaceOrientations_iPhone = "UIInterfaceOrientationPortrait UIInterfaceOrientationLandscapeLeft UIInterfaceOrientationLandscapeRight";
				IPHONEOS_DEPLOYMENT_TARGET = 26.0;
				LD_RUNPATH_SEARCH_PATHS = (
					"$(inherited)",
					"@executable_path/Frameworks",
				);
				MARKETING_VERSION = 1.3.0;
				PRODUCT_BUNDLE_IDENTIFIER = dev.sijun.HagaBible;
				PRODUCT_NAME = "$(TARGET_NAME)";
				STRING_CATALOG_GENERATE_SYMBOLS = YES;
				SWIFT_DEFAULT_ACTOR_ISOLATION = MainActor;
				SWIFT_EMIT_LOC_STRINGS = YES;
				SWIFT_UPCOMING_FEATURE_MEMBER_IMPORT_VISIBILITY = YES;
				SWIFT_VERSION = 5.0;
				TARGETED_DEVICE_FAMILY = "1,2";
			};
			name = Release;
		};
/* End XCBuildConfiguration section */

/* Begin XCConfigurationList section */
		969B06C1E16758693167A59A /* Build configuration list for PBXNativeTarget "HagaBibleTests" */ = {
			isa = XCConfigurationList;
			buildConfigurations = (
				8C2AFD8A74E02D4F116AC7A6 /* Release */,
				00B568517F3A872B1A09A9BC /* Debug */,
			);
			defaultConfigurationIsVisible = 0;
			defaultConfigurationName = Release;
		};
		ED3B588A2F05265000F17293 /* Build configuration list for PBXNativeTarget "HagaBibleWidgetExtension" */ = {
			isa = XCConfigurationList;
			buildConfigurations = (
				ED3B588B2F05265000F17293 /* Debug */,
				ED3B588C2F05265000F17293 /* Release */,
			);
			defaultConfigurationIsVisible = 0;
			defaultConfigurationName = Release;
		};
		ED6A82052E15339A003E0D6E /* Build configuration list for PBXProject "HagaBible" */ = {
			isa = XCConfigurationList;
			buildConfigurations = (
				ED6A82132E15339A003E0D6E /* Debug */,
				ED6A82142E15339A003E0D6E /* Release */,
			);
			defaultConfigurationIsVisible = 0;
			defaultConfigurationName = Release;
		};
		ED6A82152E15339A003E0D6E /* Build configuration list for PBXNativeTarget "HagaBible" */ = {
			isa = XCConfigurationList;
			buildConfigurations = (
				ED6A82162E15339A003E0D6E /* Debug */,
				ED6A82172E15339A003E0D6E /* Release */,
			);
			defaultConfigurationIsVisible = 0;
			defaultConfigurationName = Release;
		};
/* End XCConfigurationList section */

/* Begin XCRemoteSwiftPackageReference section */
		5BA0A0A0000000000000B1 /* XCRemoteSwiftPackageReference "supabase-swift" */ = {
			isa = XCRemoteSwiftPackageReference;
			repositoryURL = "https://github.com/supabase/supabase-swift.git";
			requirement = {
				kind = upToNextMajorVersion;
				minimumVersion = 2.0.0;
			};
		};
		EDADAA8B2E1F365000CFCBE0 /* XCRemoteSwiftPackageReference "GRDB.swift" */ = {
			isa = XCRemoteSwiftPackageReference;
			repositoryURL = "https://github.com/groue/GRDB.swift.git";
			requirement = {
				branch = master;
				kind = branch;
			};
		};
/* End XCRemoteSwiftPackageReference section */

/* Begin XCSwiftPackageProductDependency section */
		5BA0A0A0000000000000B2 /* Supabase */ = {
			isa = XCSwiftPackageProductDependency;
			package = 5BA0A0A0000000000000B1 /* XCRemoteSwiftPackageReference "supabase-swift" */;
			productName = Supabase;
		};
		EDADAA8C2E1F365000CFCBE0 /* GRDB */ = {
			isa = XCSwiftPackageProductDependency;
			package = EDADAA8B2E1F365000CFCBE0 /* XCRemoteSwiftPackageReference "GRDB.swift" */;
			productName = GRDB;
		};
/* End XCSwiftPackageProductDependency section */
	};
	rootObject = ED6A82022E15339A003E0D6E /* Project object */;
}
